// !$*UTF8*$!
{
	archiveVersion = 1;
	classes = {
	};
	objectVersion = 56;
	objects = {

/* Begin PBXBuildFile section */
		F163C2852B41C0BD00988CFB /* Tech_JokesApp.swift in Sources */ = {isa = PBXBuildFile; fileRef = F163C2842B41C0BD00988CFB /* Tech_JokesApp.swift */; };
		F163C2872B41C0BD00988CFB /* JokeView.swift in Sources */ = {isa = PBXBuildFile; fileRef = F163C2862B41C0BD00988CFB /* JokeView.swift */; };
		F163C2892B41C0BE00988CFB /* Assets.xcassets in Resources */ = {isa = PBXBuildFile; fileRef = F163C2882B41C0BE00988CFB /* Assets.xcassets */; };
		F163C28C2B41C0BE00988CFB /* Preview Assets.xcassets in Resources */ = {isa = PBXBuildFile; fileRef = F163C28B2B41C0BE00988CFB /* Preview Assets.xcassets */; };
		F163C2942B41C5E300988CFB /* JokeLanguage.swift in Sources */ = {isa = PBXBuildFile; fileRef = F163C2932B41C5E300988CFB /* JokeLanguage.swift */; };
		F163C2962B41CA3200988CFB /* Joke.swift in Sources */ = {isa = PBXBuildFile; fileRef = F163C2952B41CA3200988CFB /* Joke.swift */; };
		F163C2982B41CB4E00988CFB /* APIService.swift in Sources */ = {isa = PBXBuildFile; fileRef = F163C2972B41CB4E00988CFB /* APIService.swift */; };
/* End PBXBuildFile section */

/* Begin PBXFileReference section */
		F163C2812B41C0BD00988CFB /* Tech Jokes.app */ = {isa = PBXFileReference; explicitFileType = wrapper.application; includeInIndex = 0; path = "Tech Jokes.app"; sourceTree = BUILT_PRODUCTS_DIR; };
		F163C2842B41C0BD00988CFB /* Tech_JokesApp.swift */ = {isa = PBXFileReference; lastKnownFileType = sourcecode.swift; path = Tech_JokesApp.swift; sourceTree = "<group>"; };
		F163C2862B41C0BD00988CFB /* JokeView.swift */ = {isa = PBXFileReference; lastKnownFileType = sourcecode.swift; path = JokeView.swift; sourceTree = "<group>"; };
		F163C2882B41C0BE00988CFB /* Assets.xcassets */ = {isa = PBXFileReference; lastKnownFileType = folder.assetcatalog; path = Assets.xcassets; sourceTree = "<group>"; };
		F163C28B2B41C0BE00988CFB /* Preview Assets.xcassets */ = {isa = PBXFileReference; lastKnownFileType = folder.assetcatalog; path = "Preview Assets.xcassets"; sourceTree = "<group>"; };
		F163C28D2B41C0BE00988CFB /* Tech_Jokes.entitlements */ = {isa = PBXFileReference; lastKnownFileType = text.plist.entitlements; path = Tech_Jokes.entitlements; sourceTree = "<group>"; };
		F163C2932B41C5E300988CFB /* JokeLanguage.swift */ = {isa = PBXFileReference; lastKnownFileType = sourcecode.swift; path = JokeLanguage.swift; sourceTree = "<group>"; };
		F163C2952B41CA3200988CFB /* Joke.swift */ = {isa = PBXFileReference; lastKnownFileType = sourcecode.swift; path = Joke.swift; sourceTree = "<group>"; };
		F163C2972B41CB4E00988CFB /* APIService.swift */ = {isa = PBXFileReference; lastKnownFileType = sourcecode.swift; path = APIService.swift; sourceTree = "<group>"; };
/* End PBXFileReference section */

/* Begin PBXFrameworksBuildPhase section */
		F163C27E2B41C0BD00988CFB /* Frameworks */ = {
			isa = PBXFrameworksBuildPhase;
			buildActionMask = 2147483647;
			files = (
			);
			runOnlyForDeploymentPostprocessing = 0;
		};
/* End PBXFrameworksBuildPhase section */

/* Begin PBXGroup section */
		F163C2782B41C0BD00988CFB = {
			isa = PBXGroup;
			children = (
				F163C2832B41C0BD00988CFB /* Tech Jokes */,
				F163C2822B41C0BD00988CFB /* Products */,
			);
			sourceTree = "<group>";
		};
		F163C2822B41C0BD00988CFB /* Products */ = {
			isa = PBXGroup;
			children = (
				F163C2812B41C0BD00988CFB /* Tech Jokes.app */,
			);
			name = Products;
			sourceTree = "<group>";
		};
		F163C2832B41C0BD00988CFB /* Tech Jokes */ = {
			isa = PBXGroup;
			children = (
				F163C2842B41C0BD00988CFB /* Tech_JokesApp.swift */,
				F163C2862B41C0BD00988CFB /* JokeView.swift */,
				F163C2932B41C5E300988CFB /* JokeLanguage.swift */,
				F163C2972B41CB4E00988CFB /* APIService.swift */,
				F163C2952B41CA3200988CFB /* Joke.swift */,
				F163C2882B41C0BE00988CFB /* Assets.xcassets */,
				F163C28D2B41C0BE00988CFB /* Tech_Jokes.entitlements */,
				F163C28A2B41C0BE00988CFB /* Preview Content */,
			);
			path = "Tech Jokes";
			sourceTree = "<group>";
		};
		F163C28A2B41C0BE00988CFB /* Preview Content */ = {
			isa = PBXGroup;
			children = (
				F163C28B2B41C0BE00988CFB /* Preview Assets.xcassets */,
			);
			path = "Preview Content";
			sourceTree = "<group>";
		};
/* End PBXGroup section */

/* Begin PBXNativeTarget section */
		F163C2802B41C0BD00988CFB /* Tech Jokes */ = {
			isa = PBXNativeTarget;
			buildConfigurationList = F163C2902B41C0BE00988CFB /* Build configuration list for PBXNativeTarget "Tech Jokes" */;
			buildPhases = (
				F163C27D2B41C0BD00988CFB /* Sources */,
				F163C27E2B41C0BD00988CFB /* Frameworks */,
				F163C27F2B41C0BD00988CFB /* Resources */,
			);
			buildRules = (
			);
			dependencies = (
			);
			name = "Tech Jokes";
			productName = "Tech Jokes";
			productReference = F163C2812B41C0BD00988CFB /* Tech Jokes.app */;
			productType = "com.apple.product-type.application";
		};
/* End PBXNativeTarget section */

/* Begin PBXProject section */
		F163C2792B41C0BD00988CFB /* Project object */ = {
			isa = PBXProject;
			attributes = {
				BuildIndependentTargetsInParallel = 1;
				LastSwiftUpdateCheck = 1510;
				LastUpgradeCheck = 1510;
				TargetAttributes = {
					F163C2802B41C0BD00988CFB = {
						CreatedOnToolsVersion = 15.1;
					};
				};
			};
			buildConfigurationList = F163C27C2B41C0BD00988CFB /* Build configuration list for PBXProject "Tech Jokes" */;
			compatibilityVersion = "Xcode 14.0";
			developmentRegion = en;
			hasScannedForEncodings = 0;
			knownRegions = (
				en,
				Base,
			);
			mainGroup = F163C2782B41C0BD00988CFB;
			productRefGroup = F163C2822B41C0BD00988CFB /* Products */;
			projectDirPath = "";
			projectRoot = "";
			targets = (
				F163C2802B41C0BD00988CFB /* Tech Jokes */,
			);
		};
/* End PBXProject section */

/* Begin PBXResourcesBuildPhase section */
		F163C27F2B41C0BD00988CFB /* Resources */ = {
			isa = PBXResourcesBuildPhase;
			buildActionMask = 2147483647;
			files = (
				F163C28C2B41C0BE00988CFB /* Preview Assets.xcassets in Resources */,
				F163C2892B41C0BE00988CFB /* Assets.xcassets in Resources */,
			);
			runOnlyForDeploymentPostprocessing = 0;
		};
/* End PBXResourcesBuildPhase section */

/* Begin PBXSourcesBuildPhase section */
		F163C27D2B41C0BD00988CFB /* Sources */ = {
			isa = PBXSourcesBuildPhase;
			buildActionMask = 2147483647;
			files = (
				F163C2872B41C0BD00988CFB /* JokeView.swift in Sources */,
				F163C2982B41CB4E00988CFB /* APIService.swift in Sources */,
				F163C2852B41C0BD00988CFB /* Tech_JokesApp.swift in Sources */,
				F163C2962B41CA3200988CFB /* Joke.swift in Sources */,
				F163C2942B41C5E300988CFB /* JokeLanguage.swift in Sources */,
			);
			runOnlyForDeploymentPostprocessing = 0;
		};
/* End PBXSourcesBuildPhase section */

/* Begin XCBuildConfiguration section */
		F163C28E2B41C0BE00988CFB /* Debug */ = {
			isa = XCBuildConfiguration;
			buildSettings = {
				ALWAYS_SEARCH_USER_PATHS = NO;
				ASSETCATALOG_COMPILER_GENERATE_SWIFT_ASSET_SYMBOL_EXTENSIONS = YES;
				CLANG_ANALYZER_NONNULL = YES;
				CLANG_ANALYZER_NUMBER_OBJECT_CONVERSION = YES_AGGRESSIVE;
				CLANG_CXX_LANGUAGE_STANDARD = "gnu++20";
				CLANG_ENABLE_MODULES = YES;
				CLANG_ENABLE_OBJC_ARC = YES;
				CLANG_ENABLE_OBJC_WEAK = YES;
				CLANG_WARN_BLOCK_CAPTURE_AUTORELEASING = YES;
				CLANG_WARN_BOOL_CONVERSION = YES;
				CLANG_WARN_COMMA = YES;
				CLANG_WARN_CONSTANT_CONVERSION = YES;
				CLANG_WARN_DEPRECATED_OBJC_IMPLEMENTATIONS = YES;
				CLANG_WARN_DIRECT_OBJC_ISA_USAGE = YES_ERROR;
				CLANG_WARN_DOCUMENTATION_COMMENTS = YES;
				CLANG_WARN_EMPTY_BODY = YES;
				CLANG_WARN_ENUM_CONVERSION = YES;
				CLANG_WARN_INFINITE_RECURSION = YES;
				CLANG_WARN_INT_CONVERSION = YES;
				CLANG_WARN_NON_LITERAL_NULL_CONVERSION = YES;
				CLANG_WARN_OBJC_IMPLICIT_RETAIN_SELF = YES;
				CLANG_WARN_OBJC_LITERAL_CONVERSION = YES;
				CLANG_WARN_OBJC_ROOT_CLASS = YES_ERROR;
				CLANG_WARN_QUOTED_INCLUDE_IN_FRAMEWORK_HEADER = YES;
				CLANG_WARN_RANGE_LOOP_ANALYSIS = YES;
				CLANG_WARN_STRICT_PROTOTYPES = YES;
				CLANG_WARN_SUSPICIOUS_MOVE = YES;
				CLANG_WARN_UNGUARDED_AVAILABILITY = YES_AGGRESSIVE;
				CLANG_WARN_UNREACHABLE_CODE = YES;
				CLANG_WARN__DUPLICATE_METHOD_MATCH = YES;
				COPY_PHASE_STRIP = NO;
				DEBUG_INFORMATION_FORMAT = dwarf;
				ENABLE_STRICT_OBJC_MSGSEND = YES;
				ENABLE_TESTABILITY = YES;
				ENABLE_USER_SCRIPT_SANDBOXING = YES;
				GCC_C_LANGUAGE_STANDARD = gnu17;
				GCC_DYNAMIC_NO_PIC = NO;
				GCC_NO_COMMON_BLOCKS = YES;
				GCC_OPTIMIZATION_LEVEL = 0;
				GCC_PREPROCESSOR_DEFINITIONS = (
					"DEBUG=1",
					"$(inherited)",
				);
				GCC_WARN_64_TO_32_BIT_CONVERSION = YES;
				GCC_WARN_ABOUT_RETURN_TYPE = YES_ERROR;
				GCC_WARN_UNDECLARED_SELECTOR = YES;
				GCC_WARN_UNINITIALIZED_AUTOS = YES_AGGRESSIVE;
				GCC_WARN_UNUSED_FUNCTION = YES;
				GCC_WARN_UNUSED_VARIABLE = YES;
				LOCALIZATION_PREFERS_STRING_CATALOGS = YES;
				MACOSX_DEPLOYMENT_TARGET = 14.2;
				MTL_ENABLE_DEBUG_INFO = INCLUDE_SOURCE;
				MTL_FAST_MATH = YES;
				ONLY_ACTIVE_ARCH = YES;
				SDKROOT = macosx;
				SWIFT_ACTIVE_COMPILATION_CONDITIONS = "DEBUG $(inherited)";
				SWIFT_OPTIMIZATION_LEVEL = "-Onone";
			};
			name = Debug;
		};
		F163C28F2B41C0BE00988CFB /* Release */ = {
			isa = XCBuildConfiguration;
			buildSettings = {
				ALWAYS_SEARCH_USER_PATHS = NO;
				ASSETCATALOG_COMPILER_GENERATE_SWIFT_ASSET_SYMBOL_EXTENSIONS = YES;
				CLANG_ANALYZER_NONNULL = YES;
				CLANG_ANALYZER_NUMBER_OBJECT_CONVERSION = YES_AGGRESSIVE;
				CLANG_CXX_LANGUAGE_STANDARD = "gnu++20";
				CLANG_ENABLE_MODULES = YES;
				CLANG_ENABLE_OBJC_ARC = YES;
				CLANG_ENABLE_OBJC_WEAK = YES;
				CLANG_WARN_BLOCK_CAPTURE_AUTORELEASING = YES;
				CLANG_WARN_BOOL_CONVERSION = YES;
				CLANG_WARN_COMMA = YES;
				CLANG_WARN_CONSTANT_CONVERSION = YES;
				CLANG_WARN_DEPRECATED_OBJC_IMPLEMENTATIONS = YES;
				CLANG_WARN_DIRECT_OBJC_ISA_USAGE = YES_ERROR;
				CLANG_WARN_DOCUMENTATION_COMMENTS = YES;
				CLANG_WARN_EMPTY_BODY = YES;
				CLANG_WARN_ENUM_CONVERSION = YES;
				CLANG_WARN_INFINITE_RECURSION = YES;
				CLANG_WARN_INT_CONVERSION = YES;
				CLANG_WARN_NON_LITERAL_NULL_CONVERSION = YES;
				CLANG_WARN_OBJC_IMPLICIT_RETAIN_SELF = YES;
				CLANG_WARN_OBJC_LITERAL_CONVERSION = YES;
				CLANG_WARN_OBJC_ROOT_CLASS = YES_ERROR;
				CLANG_WARN_QUOTED_INCLUDE_IN_FRAMEWORK_HEADER = YES;
				CLANG_WARN_RANGE_LOOP_ANALYSIS = YES;
				CLANG_WARN_STRICT_PROTOTYPES = YES;
				CLANG_WARN_SUSPICIOUS_MOVE = YES;
				CLANG_WARN_UNGUARDED_AVAILABILITY = YES_AGGRESSIVE;
				CLANG_WARN_UNREACHABLE_CODE = YES;
				CLANG_WARN__DUPLICATE_METHOD_MATCH = YES;
				COPY_PHASE_STRIP = NO;
				DEBUG_INFORMATION_FORMAT = "dwarf-with-dsym";
				ENABLE_NS_ASSERTIONS = NO;
				ENABLE_STRICT_OBJC_MSGSEND = YES;
				ENABLE_USER_SCRIPT_SANDBOXING = YES;
				GCC_C_LANGUAGE_STANDARD = gnu17;
				GCC_NO_COMMON_BLOCKS = YES;
				GCC_WARN_64_TO_32_BIT_CONVERSION = YES;
				GCC_WARN_ABOUT_RETURN_TYPE = YES_ERROR;
				GCC_WARN_UNDECLARED_SELECTOR = YES;
				GCC_WARN_UNINITIALIZED_AUTOS = YES_AGGRESSIVE;
				GCC_WARN_UNUSED_FUNCTION = YES;
				GCC_WARN_UNUSED_VARIABLE = YES;
				LOCALIZATION_PREFERS_STRING_CATALOGS = YES;
				MACOSX_DEPLOYMENT_TARGET = 14.2;
				MTL_ENABLE_DEBUG_INFO = NO;
				MTL_FAST_MATH = YES;
				SDKROOT = macosx;
				SWIFT_COMPILATION_MODE = wholemodule;
			};
			name = Release;
		};
		F163C2912B41C0BE00988CFB /* Debug */ = {
			isa = XCBuildConfiguration;
			buildSettings = {
				ASSETCATALOG_COMPILER_APPICON_NAME = AppIcon;
				ASSETCATALOG_COMPILER_GLOBAL_ACCENT_COLOR_NAME = AccentColor;
				CODE_SIGN_ENTITLEMENTS = "Tech Jokes/Tech_Jokes.entitlements";
				CODE_SIGN_STYLE = Automatic;
				COMBINE_HIDPI_IMAGES = YES;
				CURRENT_PROJECT_VERSION = 1;
				DEVELOPMENT_ASSET_PATHS = "\"Tech Jokes/Preview Content\"";
				ENABLE_PREVIEWS = YES;
				GENERATE_INFOPLIST_FILE = YES;
				INFOPLIST_KEY_NSHumanReadableCopyright = "";
				LD_RUNPATH_SEARCH_PATHS = (
					"$(inherited)",
					"@executable_path/../Frameworks",
				);
				MARKETING_VERSION = 1.0;
				PRODUCT_BUNDLE_IDENTIFIER = "com.itsasadalihaider.Tech-Jokes";
				PRODUCT_NAME = "$(TARGET_NAME)";
				SWIFT_EMIT_LOC_STRINGS = YES;
				SWIFT_VERSION = 5.0;
			};
			name = Debug;
		};
		F163C2922B41C0BE00988CFB /* Release */ = {
			isa = XCBuildConfiguration;
			buildSettings = {
				ASSETCATALOG_COMPILER_APPICON_NAME = AppIcon;
				ASSETCATALOG_COMPILER_GLOBAL_ACCENT_COLOR_NAME = AccentColor;
				CODE_SIGN_ENTITLEMENTS = "Tech Jokes/Tech_Jokes.entitlements";
				CODE_SIGN_STYLE = Automatic;
				COMBINE_HIDPI_IMAGES = YES;
				CURRENT_PROJECT_VERSION = 1;
				DEVELOPMENT_ASSET_PATHS = "\"Tech Jokes/Preview Content\"";
				ENABLE_PREVIEWS = YES;
				GENERATE_INFOPLIST_FILE = YES;
				INFOPLIST_KEY_NSHumanReadableCopyright = "";
				LD_RUNPATH_SEARCH_PATHS = (
					"$(inherited)",
					"@executable_path/../Frameworks",
				);
				MARKETING_VERSION = 1.0;
				PRODUCT_BUNDLE_IDENTIFIER = "com.itsasadalihaider.Tech-Jokes";
				PRODUCT_NAME = "$(TARGET_NAME)";
				SWIFT_EMIT_LOC_STRINGS = YES;
				SWIFT_VERSION = 5.0;
			};
			name = Release;
		};
/* End XCBuildConfiguration section */

/* Begin XCConfigurationList section */
		F163C27C2B41C0BD00988CFB /* Build configuration list for PBXProject "Tech Jokes" */ = {
			isa = XCConfigurationList;
			buildConfigurations = (
				F163C28E2B41C0BE00988CFB /* Debug */,
				F163C28F2B41C0BE00988CFB /* Release */,
			);
			defaultConfigurationIsVisible = 0;
			defaultConfigurationName = Release;
		};
		F163C2902B41C0BE00988CFB /* Build configuration list for PBXNativeTarget "Tech Jokes" */ = {
			isa = XCConfigurationList;
			buildConfigurations = (
				F163C2912B41C0BE00988CFB /* Debug */,
				F163C2922B41C0BE00988CFB /* Release */,
			);
			defaultConfigurationIsVisible = 0;
			defaultConfigurationName = Release;
		};
/* End XCConfigurationList section */
	};
	rootObject = F163C2792B41C0BD00988CFB /* Project object */;
}
